// !$*UTF8*$!
{
	archiveVersion = 1;
	classes = {
	};
	objectVersion = 55;
	objects = {

/* Begin PBXBuildFile section */
		F00CE3FE27632DBB004EBF3A /* ImagePicker.swift in Sources */ = {isa = PBXBuildFile; fileRef = F00CE3FD27632DBB004EBF3A /* ImagePicker.swift */; };
		F0841909275F78450099B4AE /* AppComInterviewTaskApp.swift in Sources */ = {isa = PBXBuildFile; fileRef = F0841908275F78450099B4AE /* AppComInterviewTaskApp.swift */; };
		F084190D275F78490099B4AE /* Assets.xcassets in Resources */ = {isa = PBXBuildFile; fileRef = F084190C275F78490099B4AE /* Assets.xcassets */; };
		F0841910275F78490099B4AE /* Preview Assets.xcassets in Resources */ = {isa = PBXBuildFile; fileRef = F084190F275F78490099B4AE /* Preview Assets.xcassets */; };
		F0841918275F79010099B4AE /* Home.swift in Sources */ = {isa = PBXBuildFile; fileRef = F0841917275F79010099B4AE /* Home.swift */; };
		F084191B275F79280099B4AE /* Movies.swift in Sources */ = {isa = PBXBuildFile; fileRef = F084191A275F79280099B4AE /* Movies.swift */; };
		F084191E275F874B0099B4AE /* CardView.swift in Sources */ = {isa = PBXBuildFile; fileRef = F084191D275F874B0099B4AE /* CardView.swift */; };
		F0841920275F96CD0099B4AE /* NetworkingManager.swift in Sources */ = {isa = PBXBuildFile; fileRef = F084191F275F96CD0099B4AE /* NetworkingManager.swift */; };
		F0A5376A2761064D007F7208 /* URLImage.swift in Sources */ = {isa = PBXBuildFile; fileRef = F0A537692761064D007F7208 /* URLImage.swift */; };
		F0A5376C27611CDD007F7208 /* ListRowView.swift in Sources */ = {isa = PBXBuildFile; fileRef = F0A5376B27611CDD007F7208 /* ListRowView.swift */; };
		F0A5376E2761C223007F7208 /* DetailListView.swift in Sources */ = {isa = PBXBuildFile; fileRef = F0A5376D2761C223007F7208 /* DetailListView.swift */; };
		F0A537702761C425007F7208 /* CategoryList.swift in Sources */ = {isa = PBXBuildFile; fileRef = F0A5376F2761C425007F7208 /* CategoryList.swift */; };
		F0A537732761CA73007F7208 /* MovielDetailService.swift in Sources */ = {isa = PBXBuildFile; fileRef = F0A537722761CA73007F7208 /* MovielDetailService.swift */; };
		F0A537752761D09A007F7208 /* UploadView.swift in Sources */ = {isa = PBXBuildFile; fileRef = F0A537742761D09A007F7208 /* UploadView.swift */; };
/* End PBXBuildFile section */

/* Begin PBXFileReference section */
		F00CE3FD27632DBB004EBF3A /* ImagePicker.swift */ = {isa = PBXFileReference; lastKnownFileType = sourcecode.swift; path = ImagePicker.swift; sourceTree = "<group>"; };
		F00CE3FF27633A68004EBF3A /* Info.plist */ = {isa = PBXFileReference; lastKnownFileType = text.plist; path = Info.plist; sourceTree = "<group>"; };
		F0841905275F78450099B4AE /* AppComInterviewTask.app */ = {isa = PBXFileReference; explicitFileType = wrapper.application; includeInIndex = 0; path = AppComInterviewTask.app; sourceTree = BUILT_PRODUCTS_DIR; };
		F0841908275F78450099B4AE /* AppComInterviewTaskApp.swift */ = {isa = PBXFileReference; lastKnownFileType = sourcecode.swift; path = AppComInterviewTaskApp.swift; sourceTree = "<group>"; };
		F084190C275F78490099B4AE /* Assets.xcassets */ = {isa = PBXFileReference; lastKnownFileType = folder.assetcatalog; path = Assets.xcassets; sourceTree = "<group>"; };
		F084190F275F78490099B4AE /* Preview Assets.xcassets */ = {isa = PBXFileReference; lastKnownFileType = folder.assetcatalog; path = "Preview Assets.xcassets"; sourceTree = "<group>"; };
		F0841917275F79010099B4AE /* Home.swift */ = {isa = PBXFileReference; lastKnownFileType = sourcecode.swift; path = Home.swift; sourceTree = "<group>"; };
		F084191A275F79280099B4AE /* Movies.swift */ = {isa = PBXFileReference; lastKnownFileType = sourcecode.swift; path = Movies.swift; sourceTree = "<group>"; };
		F084191D275F874B0099B4AE /* CardView.swift */ = {isa = PBXFileReference; lastKnownFileType = sourcecode.swift; path = CardView.swift; sourceTree = "<group>"; };
		F084191F275F96CD0099B4AE /* NetworkingManager.swift */ = {isa = PBXFileReference; lastKnownFileType = sourcecode.swift; path = NetworkingManager.swift; sourceTree = "<group>"; };
		F0A537692761064D007F7208 /* URLImage.swift */ = {isa = PBXFileReference; lastKnownFileType = sourcecode.swift; path = URLImage.swift; sourceTree = "<group>"; };
		F0A5376B27611CDD007F7208 /* ListRowView.swift */ = {isa = PBXFileReference; lastKnownFileType = sourcecode.swift; path = ListRowView.swift; sourceTree = "<group>"; };
		F0A5376D2761C223007F7208 /* DetailListView.swift */ = {isa = PBXFileReference; lastKnownFileType = sourcecode.swift; path = DetailListView.swift; sourceTree = "<group>"; };
		F0A5376F2761C425007F7208 /* CategoryList.swift */ = {isa = PBXFileReference; lastKnownFileType = sourcecode.swift; path = CategoryList.swift; sourceTree = "<group>"; };
		F0A537722761CA73007F7208 /* MovielDetailService.swift */ = {isa = PBXFileReference; lastKnownFileType = sourcecode.swift; path = MovielDetailService.swift; sourceTree = "<group>"; };
		F0A537742761D09A007F7208 /* UploadView.swift */ = {isa = PBXFileReference; lastKnownFileType = sourcecode.swift; path = UploadView.swift; sourceTree = "<group>"; };
/* End PBXFileReference section */

/* Begin PBXFrameworksBuildPhase section */
		F0841902275F78450099B4AE /* Frameworks */ = {
			isa = PBXFrameworksBuildPhase;
			buildActionMask = 2147483647;
			files = (
			);
			runOnlyForDeploymentPostprocessing = 0;
		};
/* End PBXFrameworksBuildPhase section */

/* Begin PBXGroup section */
		F08418FC275F78450099B4AE = {
			isa = PBXGroup;
			children = (
				F0841907275F78450099B4AE /* AppComInterviewTask */,
				F0841906275F78450099B4AE /* Products */,
			);
			sourceTree = "<group>";
		};
		F0841906275F78450099B4AE /* Products */ = {
			isa = PBXGroup;
			children = (
				F0841905275F78450099B4AE /* AppComInterviewTask.app */,
			);
			name = Products;
			sourceTree = "<group>";
		};
		F0841907275F78450099B4AE /* AppComInterviewTask */ = {
			isa = PBXGroup;
			children = (
				F00CE3FF27633A68004EBF3A /* Info.plist */,
				F0841908275F78450099B4AE /* AppComInterviewTaskApp.swift */,
				F0841921275F96E60099B4AE /* Utilities */,
				F0A537712761CA45007F7208 /* Service */,
				F0841919275F790F0099B4AE /* Model */,
				F0841916275F78EB0099B4AE /* View */,
				F084190C275F78490099B4AE /* Assets.xcassets */,
				F084190E275F78490099B4AE /* Preview Content */,
			);
			path = AppComInterviewTask;
			sourceTree = "<group>";
		};
		F084190E275F78490099B4AE /* Preview Content */ = {
			isa = PBXGroup;
			children = (
				F084190F275F78490099B4AE /* Preview Assets.xcassets */,
			);
			path = "Preview Content";
			sourceTree = "<group>";
		};
		F0841916275F78EB0099B4AE /* View */ = {
			isa = PBXGroup;
			children = (
				F0841917275F79010099B4AE /* Home.swift */,
				F084191D275F874B0099B4AE /* CardView.swift */,
				F0A5376B27611CDD007F7208 /* ListRowView.swift */,
				F0A5376D2761C223007F7208 /* DetailListView.swift */,
				F0A537742761D09A007F7208 /* UploadView.swift */,
			);
			path = View;
			sourceTree = "<group>";
		};
		F0841919275F790F0099B4AE /* Model */ = {
			isa = PBXGroup;
			children = (
				F084191A275F79280099B4AE /* Movies.swift */,
				F0A5376F2761C425007F7208 /* CategoryList.swift */,
			);
			path = Model;
			sourceTree = "<group>";
		};
		F0841921275F96E60099B4AE /* Utilities */ = {
			isa = PBXGroup;
			children = (
				F0A537692761064D007F7208 /* URLImage.swift */,
				F00CE3FD27632DBB004EBF3A /* ImagePicker.swift */,
			);
			path = Utilities;
			sourceTree = "<group>";
		};
		F0A537712761CA45007F7208 /* Service */ = {
			isa = PBXGroup;
			children = (
				F084191F275F96CD0099B4AE /* NetworkingManager.swift */,
				F0A537722761CA73007F7208 /* MovielDetailService.swift */,
			);
			path = Service;
			sourceTree = "<group>";
		};
/* End PBXGroup section */

/* Begin PBXNativeTarget section */
		F0841904275F78450099B4AE /* AppComInterviewTask */ = {
			isa = PBXNativeTarget;
			buildConfigurationList = F0841913275F78490099B4AE /* Build configuration list for PBXNativeTarget "AppComInterviewTask" */;
			buildPhases = (
				F0841901275F78450099B4AE /* Sources */,
				F0841902275F78450099B4AE /* Frameworks */,
				F0841903275F78450099B4AE /* Resources */,
			);
			buildRules = (
			);
			dependencies = (
			);
			name = AppComInterviewTask;
			productName = AppComInterviewTask;
			productReference = F0841905275F78450099B4AE /* AppComInterviewTask.app */;
			productType = "com.apple.product-type.application";
		};
/* End PBXNativeTarget section */

/* Begin PBXProject section */
		F08418FD275F78450099B4AE /* Project object */ = {
			isa = PBXProject;
			attributes = {
				BuildIndependentTargetsInParallel = 1;
				LastSwiftUpdateCheck = 1310;
				LastUpgradeCheck = 1310;
				TargetAttributes = {
					F0841904275F78450099B4AE = {
						CreatedOnToolsVersion = 13.1;
					};
				};
			};
			buildConfigurationList = F0841900275F78450099B4AE /* Build configuration list for PBXProject "AppComInterviewTask" */;
			compatibilityVersion = "Xcode 13.0";
			developmentRegion = en;
			hasScannedForEncodings = 0;
			knownRegions = (
				en,
				Base,
			);
			mainGroup = F08418FC275F78450099B4AE;
			productRefGroup = F0841906275F78450099B4AE /* Products */;
			projectDirPath = "";
			projectRoot = "";
			targets = (
				F0841904275F78450099B4AE /* AppComInterviewTask */,
			);
		};
/* End PBXProject section */

/* Begin PBXResourcesBuildPhase section */
		F0841903275F78450099B4AE /* Resources */ = {
			isa = PBXResourcesBuildPhase;
			buildActionMask = 2147483647;
			files = (
				F0841910275F78490099B4AE /* Preview Assets.xcassets in Resources */,
				F084190D275F78490099B4AE /* Assets.xcassets in Resources */,
			);
			runOnlyForDeploymentPostprocessing = 0;
		};
/* End PBXResourcesBuildPhase section */

/* Begin PBXSourcesBuildPhase section */
		F0841901275F78450099B4AE /* Sources */ = {
			isa = PBXSourcesBuildPhase;
			buildActionMask = 2147483647;
			files = (
				F0841918275F79010099B4AE /* Home.swift in Sources */,
				F0A537752761D09A007F7208 /* UploadView.swift in Sources */,
				F0A5376E2761C223007F7208 /* DetailListView.swift in Sources */,
				F0A5376A2761064D007F7208 /* URLImage.swift in Sources */,
				F0841909275F78450099B4AE /* AppComInterviewTaskApp.swift in Sources */,
				F084191E275F874B0099B4AE /* CardView.swift in Sources */,
				F0841920275F96CD0099B4AE /* NetworkingManager.swift in Sources */,
				F084191B275F79280099B4AE /* Movies.swift in Sources */,
				F0A5376C27611CDD007F7208 /* ListRowView.swift in Sources */,
				F00CE3FE27632DBB004EBF3A /* ImagePicker.swift in Sources */,
				F0A537732761CA73007F7208 /* MovielDetailService.swift in Sources */,
				F0A537702761C425007F7208 /* CategoryList.swift in Sources */,
			);
			runOnlyForDeploymentPostprocessing = 0;
		};
/* End PBXSourcesBuildPhase section */

/* Begin XCBuildConfiguration section */
		F0841911275F78490099B4AE /* Debug */ = {
			isa = XCBuildConfiguration;
			buildSettings = {
				ALWAYS_SEARCH_USER_PATHS = NO;
				CLANG_ANALYZER_NONNULL = YES;
				CLANG_ANALYZER_NUMBER_OBJECT_CONVERSION = YES_AGGRESSIVE;
				CLANG_CXX_LANGUAGE_STANDARD = "gnu++17";
				CLANG_CXX_LIBRARY = "libc++";
				CLANG_ENABLE_MODULES = YES;
				CLANG_ENABLE_OBJC_ARC = YES;
				CLANG_ENABLE_OBJC_WEAK = YES;
				CLANG_WARN_BLOCK_CAPTURE_AUTORELEASING = YES;
				CLANG_WARN_BOOL_CONVERSION = YES;
				CLANG_WARN_COMMA = YES;
				CLANG_WARN_CONSTANT_CONVERSION = YES;
				CLANG_WARN_DEPRECATED_OBJC_IMPLEMENTATIONS = YES;
				CLANG_WARN_DIRECT_OBJC_ISA_USAGE = YES_ERROR;
				CLANG_WARN_DOCUMENTATION_COMMENTS = YES;
				CLANG_WARN_EMPTY_BODY = YES;
				CLANG_WARN_ENUM_CONVERSION = YES;
				CLANG_WARN_INFINITE_RECURSION = YES;
				CLANG_WARN_INT_CONVERSION = YES;
				CLANG_WARN_NON_LITERAL_NULL_CONVERSION = YES;
				CLANG_WARN_OBJC_IMPLICIT_RETAIN_SELF = YES;
				CLANG_WARN_OBJC_LITERAL_CONVERSION = YES;
				CLANG_WARN_OBJC_ROOT_CLASS = YES_ERROR;
				CLANG_WARN_QUOTED_INCLUDE_IN_FRAMEWORK_HEADER = YES;
				CLANG_WARN_RANGE_LOOP_ANALYSIS = YES;
				CLANG_WARN_STRICT_PROTOTYPES = YES;
				CLANG_WARN_SUSPICIOUS_MOVE = YES;
				CLANG_WARN_UNGUARDED_AVAILABILITY = YES_AGGRESSIVE;
				CLANG_WARN_UNREACHABLE_CODE = YES;
				CLANG_WARN__DUPLICATE_METHOD_MATCH = YES;
				COPY_PHASE_STRIP = NO;
				DEBUG_INFORMATION_FORMAT = dwarf;
				ENABLE_STRICT_OBJC_MSGSEND = YES;
				ENABLE_TESTABILITY = YES;
				GCC_C_LANGUAGE_STANDARD = gnu11;
				GCC_DYNAMIC_NO_PIC = NO;
				GCC_NO_COMMON_BLOCKS = YES;
				GCC_OPTIMIZATION_LEVEL = 0;
				GCC_PREPROCESSOR_DEFINITIONS = (
					"DEBUG=1",
					"$(inherited)",
				);
				GCC_WARN_64_TO_32_BIT_CONVERSION = YES;
				GCC_WARN_ABOUT_RETURN_TYPE = YES_ERROR;
				GCC_WARN_UNDECLARED_SELECTOR = YES;
				GCC_WARN_UNINITIALIZED_AUTOS = YES_AGGRESSIVE;
				GCC_WARN_UNUSED_FUNCTION = YES;
				GCC_WARN_UNUSED_VARIABLE = YES;
				IPHONEOS_DEPLOYMENT_TARGET = 15.0;
				MTL_ENABLE_DEBUG_INFO = INCLUDE_SOURCE;
				MTL_FAST_MATH = YES;
				ONLY_ACTIVE_ARCH = YES;
				SDKROOT = iphoneos;
				SWIFT_ACTIVE_COMPILATION_CONDITIONS = DEBUG;
				SWIFT_OPTIMIZATION_LEVEL = "-Onone";
			};
			name = Debug;
		};
		F0841912275F78490099B4AE /* Release */ = {
			isa = XCBuildConfiguration;
			buildSettings = {
				ALWAYS_SEARCH_USER_PATHS = NO;
				CLANG_ANALYZER_NONNULL = YES;
				CLANG_ANALYZER_NUMBER_OBJECT_CONVERSION = YES_AGGRESSIVE;
				CLANG_CXX_LANGUAGE_STANDARD = "gnu++17";
				CLANG_CXX_LIBRARY = "libc++";
				CLANG_ENABLE_MODULES = YES;
				CLANG_ENABLE_OBJC_ARC = YES;
				CLANG_ENABLE_OBJC_WEAK = YES;
				CLANG_WARN_BLOCK_CAPTURE_AUTORELEASING = YES;
				CLANG_WARN_BOOL_CONVERSION = YES;
				CLANG_WARN_COMMA = YES;
				CLANG_WARN_CONSTANT_CONVERSION = YES;
				CLANG_WARN_DEPRECATED_OBJC_IMPLEMENTATIONS = YES;
				CLANG_WARN_DIRECT_OBJC_ISA_USAGE = YES_ERROR;
				CLANG_WARN_DOCUMENTATION_COMMENTS = YES;
				CLANG_WARN_EMPTY_BODY = YES;
				CLANG_WARN_ENUM_CONVERSION = YES;
				CLANG_WARN_INFINITE_RECURSION = YES;
				CLANG_WARN_INT_CONVERSION = YES;
				CLANG_WARN_NON_LITERAL_NULL_CONVERSION = YES;
				CLANG_WARN_OBJC_IMPLICIT_RETAIN_SELF = YES;
				CLANG_WARN_OBJC_LITERAL_CONVERSION = YES;
				CLANG_WARN_OBJC_ROOT_CLASS = YES_ERROR;
				CLANG_WARN_QUOTED_INCLUDE_IN_FRAMEWORK_HEADER = YES;
				CLANG_WARN_RANGE_LOOP_ANALYSIS = YES;
				CLANG_WARN_STRICT_PROTOTYPES = YES;
				CLANG_WARN_SUSPICIOUS_MOVE = YES;
				CLANG_WARN_UNGUARDED_AVAILABILITY = YES_AGGRESSIVE;
				CLANG_WARN_UNREACHABLE_CODE = YES;
				CLANG_WARN__DUPLICATE_METHOD_MATCH = YES;
				COPY_PHASE_STRIP = NO;
				DEBUG_INFORMATION_FORMAT = "dwarf-with-dsym";
				ENABLE_NS_ASSERTIONS = NO;
				ENABLE_STRICT_OBJC_MSGSEND = YES;
				GCC_C_LANGUAGE_STANDARD = gnu11;
				GCC_NO_COMMON_BLOCKS = YES;
				GCC_WARN_64_TO_32_BIT_CONVERSION = YES;
				GCC_WARN_ABOUT_RETURN_TYPE = YES_ERROR;
				GCC_WARN_UNDECLARED_SELECTOR = YES;
				GCC_WARN_UNINITIALIZED_AUTOS = YES_AGGRESSIVE;
				GCC_WARN_UNUSED_FUNCTION = YES;
				GCC_WARN_UNUSED_VARIABLE = YES;
				IPHONEOS_DEPLOYMENT_TARGET = 15.0;
				MTL_ENABLE_DEBUG_INFO = NO;
				MTL_FAST_MATH = YES;
				SDKROOT = iphoneos;
				SWIFT_COMPILATION_MODE = wholemodule;
				SWIFT_OPTIMIZATION_LEVEL = "-O";
				VALIDATE_PRODUCT = YES;
			};
			name = Release;
		};
		F0841914275F78490099B4AE /* Debug */ = {
			isa = XCBuildConfiguration;
			buildSettings = {
				ASSETCATALOG_COMPILER_APPICON_NAME = AppIcon;
				ASSETCATALOG_COMPILER_GLOBAL_ACCENT_COLOR_NAME = AccentColor;
				CODE_SIGN_STYLE = Automatic;
				CURRENT_PROJECT_VERSION = 1;
				DEVELOPMENT_ASSET_PATHS = "\"AppComInterviewTask/Preview Content\"";
				ENABLE_PREVIEWS = YES;
				GENERATE_INFOPLIST_FILE = YES;
				INFOPLIST_FILE = AppComInterviewTask/Info.plist;
				INFOPLIST_KEY_NSCameraUsageDescription = "Application need to access camera";
				INFOPLIST_KEY_UIApplicationSceneManifest_Generation = YES;
				INFOPLIST_KEY_UIApplicationSupportsIndirectInputEvents = YES;
				INFOPLIST_KEY_UILaunchScreen_Generation = YES;
				INFOPLIST_KEY_UISupportedInterfaceOrientations_iPad = "UIInterfaceOrientationPortrait UIInterfaceOrientationPortraitUpsideDown UIInterfaceOrientationLandscapeLeft UIInterfaceOrientationLandscapeRight";
				INFOPLIST_KEY_UISupportedInterfaceOrientations_iPhone = "UIInterfaceOrientationPortrait UIInterfaceOrientationLandscapeLeft UIInterfaceOrientationLandscapeRight";
				LD_RUNPATH_SEARCH_PATHS = (
					"$(inherited)",
					"@executable_path/Frameworks",
				);
				MARKETING_VERSION = 1.0;
				PRODUCT_BUNDLE_IDENTIFIER = product.com.AppComInterviewTask;
				PRODUCT_NAME = "$(TARGET_NAME)";
				SWIFT_EMIT_LOC_STRINGS = YES;
				SWIFT_VERSION = 5.0;
				TARGETED_DEVICE_FAMILY = "1,2";
			};
			name = Debug;
		};
		F0841915275F78490099B4AE /* Release */ = {
			isa = XCBuildConfiguration;
			buildSettings = {
				ASSETCATALOG_COMPILER_APPICON_NAME = AppIcon;
				ASSETCATALOG_COMPILER_GLOBAL_ACCENT_COLOR_NAME = AccentColor;
				CODE_SIGN_STYLE = Automatic;
				CURRENT_PROJECT_VERSION = 1;
				DEVELOPMENT_ASSET_PATHS = "\"AppComInterviewTask/Preview Content\"";
				ENABLE_PREVIEWS = YES;
				GENERATE_INFOPLIST_FILE = YES;
				INFOPLIST_FILE = AppComInterviewTask/Info.plist;
				INFOPLIST_KEY_NSCameraUsageDescription = "Application need to access camera";
				INFOPLIST_KEY_UIApplicationSceneManifest_Generation = YES;
				INFOPLIST_KEY_UIApplicationSupportsIndirectInputEvents = YES;
				INFOPLIST_KEY_UILaunchScreen_Generation = YES;
				INFOPLIST_KEY_UISupportedInterfaceOrientations_iPad = "UIInterfaceOrientationPortrait UIInterfaceOrientationPortraitUpsideDown UIInterfaceOrientationLandscapeLeft UIInterfaceOrientationLandscapeRight";
				INFOPLIST_KEY_UISupportedInterfaceOrientations_iPhone = "UIInterfaceOrientationPortrait UIInterfaceOrientationLandscapeLeft UIInterfaceOrientationLandscapeRight";
				LD_RUNPATH_SEARCH_PATHS = (
					"$(inherited)",
					"@executable_path/Frameworks",
				);
				MARKETING_VERSION = 1.0;
				PRODUCT_BUNDLE_IDENTIFIER = product.com.AppComInterviewTask;
				PRODUCT_NAME = "$(TARGET_NAME)";
				SWIFT_EMIT_LOC_STRINGS = YES;
				SWIFT_VERSION = 5.0;
				TARGETED_DEVICE_FAMILY = "1,2";
			};
			name = Release;
		};
/* End XCBuildConfiguration section */

/* Begin XCConfigurationList section */
		F0841900275F78450099B4AE /* Build configuration list for PBXProject "AppComInterviewTask" */ = {
			isa = XCConfigurationList;
			buildConfigurations = (
				F0841911275F78490099B4AE /* Debug */,
				F0841912275F78490099B4AE /* Release */,
			);
			defaultConfigurationIsVisible = 0;
			defaultConfigurationName = Release;
		};
		F0841913275F78490099B4AE /* Build configuration list for PBXNativeTarget "AppComInterviewTask" */ = {
			isa = XCConfigurationList;
			buildConfigurations = (
				F0841914275F78490099B4AE /* Debug */,
				F0841915275F78490099B4AE /* Release */,
			);
			defaultConfigurationIsVisible = 0;
			defaultConfigurationName = Release;
		};
/* End XCConfigurationList section */
	};
	rootObject = F08418FD275F78450099B4AE /* Project object */;
}
